
Microsoft Visual Studio Solution File, Format Version 12.00
# Visual Studio 15
Project("{FAE04EC0-301F-11D3-BF4B-00C04F79EFBC}") = "Assembly-CSharp", "Assembly-CSharp.csproj", "{452C6330-4544-99EF-01C2-3BDAC3A64CCD}"
EndProject
Project("{FAE04EC0-301F-11D3-BF4B-00C04F79EFBC}") = "Assembly-CSharp-Editor", "Assembly-CSharp-Editor.csproj", "{D59C4D01-C24B-9D7C-F738-E4CB9A393E2F}"
EndProject
Global
	GlobalSection(SolutionConfigurationPlatforms) = preSolution
		Debug|Any CPU = Debug|Any CPU
		Release|Any CPU = Release|Any CPU
	EndGlobalSection
	GlobalSection(ProjectConfigurationPlatforms) = postSolution
		{452C6330-4544-99EF-01C2-3BDAC3A64CCD}.Debug|Any CPU.ActiveCfg = Debug|Any CPU
		{452C6330-4544-99EF-01C2-3BDAC3A64CCD}.Debug|Any CPU.Build.0 = Debug|Any CPU
		{452C6330-4544-99EF-01C2-3BDAC3A64CCD}.Release|Any CPU.ActiveCfg = Release|Any CPU
		{452C6330-4544-99EF-01C2-3BDAC3A64CCD}.Release|Any CPU.Build.0 = Release|Any CPU
		{D59C4D01-C24B-9D7C-F738-E4CB9A393E2F}.Debug|Any CPU.ActiveCfg = Debug|Any CPU
		{D59C4D01-C24B-9D7C-F738-E4CB9A393E2F}.Debug|Any CPU.Build.0 = Debug|Any CPU
		{D59C4D01-C24B-9D7C-F738-E4CB9A393E2F}.Release|Any CPU.ActiveCfg = Release|Any CPU
		{D59C4D01-C24B-9D7C-F738-E4CB9A393E2F}.Release|Any CPU.Build.0 = Release|Any CPU
	EndGlobalSection
	GlobalSection(SolutionProperties) = preSolution
		HideSolutionNode = FALSE
	EndGlobalSection
EndGlobal
